
Microsoft Visual Studio Solution File, Format Version 12.00
# Visual Studio Version 17
VisualStudioVersion = 17.4.33122.133
MinimumVisualStudioVersion = 10.0.40219.1
Project("{FAE04EC0-301F-11D3-BF4B-00C04F79EFBC}") = "HardCode.Api", "HardCode.Api\HardCode.Api.csproj", "{C94A15E4-B445-465E-8006-744A4AD0E408}"
EndProject
Global
	GlobalSection(SolutionConfigurationPlatforms) = preSolution
		Debug|Any CPU = Debug|Any CPU
		Release|Any CPU = Release|Any CPU
	EndGlobalSection
	GlobalSection(ProjectConfigurationPlatforms) = postSolution
		{C94A15E4-B445-465E-8006-744A4AD0E408}.Debug|Any CPU.ActiveCfg = Debug|Any CPU
		{C94A15E4-B445-465E-8006-744A4AD0E408}.Debug|Any CPU.Build.0 = Debug|Any CPU
		{C94A15E4-B445-465E-8006-744A4AD0E408}.Release|Any CPU.ActiveCfg = Release|Any CPU
		{C94A15E4-B445-465E-8006-744A4AD0E408}.Release|Any CPU.Build.0 = Release|Any CPU
	EndGlobalSection
	GlobalSection(SolutionProperties) = preSolution
		HideSolutionNode = FALSE
	EndGlobalSection
	GlobalSection(ExtensibilityGlobals) = postSolution
		SolutionGuid = {A95E19AD-D896-4BCE-82CE-ED97C20377DC}
	EndGlobalSection
EndGlobal
